
Microsoft Visual Studio Solution File, Format Version 12.00
# Visual Studio Version 17
VisualStudioVersion = 17.11.35327.3
MinimumVisualStudioVersion = 10.0.40219.1
Project("{FAE04EC0-301F-11D3-BF4B-00C04F79EFBC}") = "Tumakov", "dz 9 18.01\Tumakov.csproj", "{E7571EC0-E52D-4898-B57E-7C28BA31E106}"
EndProject
Project("{FAE04EC0-301F-11D3-BF4B-00C04F79EFBC}") = "dz", "dz\dz.csproj", "{78E422AB-A848-4327-A608-9FDC1ABC3D7A}"
EndProject
Global
	GlobalSection(SolutionConfigurationPlatforms) = preSolution
		Debug|Any CPU = Debug|Any CPU
		Release|Any CPU = Release|Any CPU
	EndGlobalSection
	GlobalSection(ProjectConfigurationPlatforms) = postSolution
		{E7571EC0-E52D-4898-B57E-7C28BA31E106}.Debug|Any CPU.ActiveCfg = Debug|Any CPU
		{E7571EC0-E52D-4898-B57E-7C28BA31E106}.Debug|Any CPU.Build.0 = Debug|Any CPU
		{E7571EC0-E52D-4898-B57E-7C28BA31E106}.Release|Any CPU.ActiveCfg = Release|Any CPU
		{E7571EC0-E52D-4898-B57E-7C28BA31E106}.Release|Any CPU.Build.0 = Release|Any CPU
		{78E422AB-A848-4327-A608-9FDC1ABC3D7A}.Debug|Any CPU.ActiveCfg = Debug|Any CPU
		{78E422AB-A848-4327-A608-9FDC1ABC3D7A}.Debug|Any CPU.Build.0 = Debug|Any CPU
		{78E422AB-A848-4327-A608-9FDC1ABC3D7A}.Release|Any CPU.ActiveCfg = Release|Any CPU
		{78E422AB-A848-4327-A608-9FDC1ABC3D7A}.Release|Any CPU.Build.0 = Release|Any CPU
	EndGlobalSection
	GlobalSection(SolutionProperties) = preSolution
		HideSolutionNode = FALSE
	EndGlobalSection
	GlobalSection(ExtensibilityGlobals) = postSolution
		SolutionGuid = {C7D3E61E-EA92-459F-ADB3-915FA3B4C317}
	EndGlobalSection
EndGlobal
